
Microsoft Visual Studio Solution File, Format Version 12.00
# Visual Studio Version 16
VisualStudioVersion = 16.0.30503.244
MinimumVisualStudioVersion = 10.0.40219.1
Project("{FAE04EC0-301F-11D3-BF4B-00C04F79EFBC}") = "TestHR", "TestHR\TestHR.csproj", "{533737F6-DD9B-444E-8C83-26FD53B51E60}"
EndProject
Project("{FAE04EC0-301F-11D3-BF4B-00C04F79EFBC}") = "TestHumanResLibrary", "HumanResLibrary\TestHumanResLibrary.csproj", "{983AD22B-6320-43D4-84D5-2477789C6E7D}"
EndProject
Project("{FAE04EC0-301F-11D3-BF4B-00C04F79EFBC}") = "TestHumanResUnitTest", "TestHumanResUnitTest\TestHumanResUnitTest.csproj", "{C5F7CC40-6F24-4F63-8478-44EBC42FD897}"
EndProject
Global
	GlobalSection(SolutionConfigurationPlatforms) = preSolution
		Debug|Any CPU = Debug|Any CPU
		Release|Any CPU = Release|Any CPU
	EndGlobalSection
	GlobalSection(ProjectConfigurationPlatforms) = postSolution
		{533737F6-DD9B-444E-8C83-26FD53B51E60}.Debug|Any CPU.ActiveCfg = Debug|Any CPU
		{533737F6-DD9B-444E-8C83-26FD53B51E60}.Debug|Any CPU.Build.0 = Debug|Any CPU
		{533737F6-DD9B-444E-8C83-26FD53B51E60}.Release|Any CPU.ActiveCfg = Release|Any CPU
		{533737F6-DD9B-444E-8C83-26FD53B51E60}.Release|Any CPU.Build.0 = Release|Any CPU
		{983AD22B-6320-43D4-84D5-2477789C6E7D}.Debug|Any CPU.ActiveCfg = Debug|Any CPU
		{983AD22B-6320-43D4-84D5-2477789C6E7D}.Debug|Any CPU.Build.0 = Debug|Any CPU
		{983AD22B-6320-43D4-84D5-2477789C6E7D}.Release|Any CPU.ActiveCfg = Release|Any CPU
		{983AD22B-6320-43D4-84D5-2477789C6E7D}.Release|Any CPU.Build.0 = Release|Any CPU
		{C5F7CC40-6F24-4F63-8478-44EBC42FD897}.Debug|Any CPU.ActiveCfg = Debug|Any CPU
		{C5F7CC40-6F24-4F63-8478-44EBC42FD897}.Debug|Any CPU.Build.0 = Debug|Any CPU
		{C5F7CC40-6F24-4F63-8478-44EBC42FD897}.Release|Any CPU.ActiveCfg = Release|Any CPU
		{C5F7CC40-6F24-4F63-8478-44EBC42FD897}.Release|Any CPU.Build.0 = Release|Any CPU
	EndGlobalSection
	GlobalSection(SolutionProperties) = preSolution
		HideSolutionNode = FALSE
	EndGlobalSection
	GlobalSection(ExtensibilityGlobals) = postSolution
		SolutionGuid = {B12B8B42-D72E-483A-BB65-2F212B7966A1}
	EndGlobalSection
EndGlobal
